
Microsoft Visual Studio Solution File, Format Version 12.00
# Visual Studio Version 17
VisualStudioVersion = 17.7.34009.444
MinimumVisualStudioVersion = 10.0.40219.1
Project("{FAE04EC0-301F-11D3-BF4B-00C04F79EFBC}") = "char2", "char2\char2.csproj", "{DCA089F4-6638-433D-8026-010D0627C49A}"
EndProject
Global
	GlobalSection(SolutionConfigurationPlatforms) = preSolution
		Debug|Any CPU = Debug|Any CPU
		Release|Any CPU = Release|Any CPU
	EndGlobalSection
	GlobalSection(ProjectConfigurationPlatforms) = postSolution
		{DCA089F4-6638-433D-8026-010D0627C49A}.Debug|Any CPU.ActiveCfg = Debug|Any CPU
		{DCA089F4-6638-433D-8026-010D0627C49A}.Debug|Any CPU.Build.0 = Debug|Any CPU
		{DCA089F4-6638-433D-8026-010D0627C49A}.Release|Any CPU.ActiveCfg = Release|Any CPU
		{DCA089F4-6638-433D-8026-010D0627C49A}.Release|Any CPU.Build.0 = Release|Any CPU
	EndGlobalSection
	GlobalSection(SolutionProperties) = preSolution
		HideSolutionNode = FALSE
	EndGlobalSection
	GlobalSection(ExtensibilityGlobals) = postSolution
		SolutionGuid = {EC441E46-4637-42F0-A4AB-CB72D39E9458}
	EndGlobalSection
EndGlobal
